
Microsoft Visual Studio Solution File, Format Version 12.00
# Visual Studio Version 17
VisualStudioVersion = 17.0.31903.59
MinimumVisualStudioVersion = 10.0.40219.1
Project("{2150E333-8FDC-42A3-9474-1A3956D46DE8}") = "2015", "2015", "{C2BB3C49-A0EC-47F2-BDA6-258B602F6A7B}"
EndProject
Project("{FAE04EC0-301F-11D3-BF4B-00C04F79EFBC}") = "AOC-15", "2015\AOC-15\AOC-15.csproj", "{CF84A73D-1F22-4C6E-BF61-862E8AB29660}"
EndProject
Global
	GlobalSection(SolutionConfigurationPlatforms) = preSolution
		Debug|Any CPU = Debug|Any CPU
		Release|Any CPU = Release|Any CPU
	EndGlobalSection
	GlobalSection(SolutionProperties) = preSolution
		HideSolutionNode = FALSE
	EndGlobalSection
	GlobalSection(ProjectConfigurationPlatforms) = postSolution
		{CF84A73D-1F22-4C6E-BF61-862E8AB29660}.Debug|Any CPU.ActiveCfg = Debug|Any CPU
		{CF84A73D-1F22-4C6E-BF61-862E8AB29660}.Debug|Any CPU.Build.0 = Debug|Any CPU
		{CF84A73D-1F22-4C6E-BF61-862E8AB29660}.Release|Any CPU.ActiveCfg = Release|Any CPU
		{CF84A73D-1F22-4C6E-BF61-862E8AB29660}.Release|Any CPU.Build.0 = Release|Any CPU
	EndGlobalSection
	GlobalSection(NestedProjects) = preSolution
		{CF84A73D-1F22-4C6E-BF61-862E8AB29660} = {C2BB3C49-A0EC-47F2-BDA6-258B602F6A7B}
	EndGlobalSection
EndGlobal
